// !$*UTF8*$!
{
	archiveVersion = 1;
	classes = {
	};
	objectVersion = 56;
	objects = {

/* Begin PBXBuildFile section */
		F001 /* TxtReaderApp.swift in Sources */ = {isa = PBXBuildFile; fileRef = R001 /* TxtReaderApp.swift */; };
		F002 /* Book.swift in Sources */ = {isa = PBXBuildFile; fileRef = R002 /* Book.swift */; };
		F003 /* Bookmark.swift in Sources */ = {isa = PBXBuildFile; fileRef = R003 /* Bookmark.swift */; };
		F004 /* Chapter.swift in Sources */ = {isa = PBXBuildFile; fileRef = R004 /* Chapter.swift */; };
		F005 /* ReadingProgress.swift in Sources */ = {isa = PBXBuildFile; fileRef = R005 /* ReadingProgress.swift */; };
		F006 /* ReaderSettings.swift in Sources */ = {isa = PBXBuildFile; fileRef = R006 /* ReaderSettings.swift */; };
		F007 /* WebDAVAccount.swift in Sources */ = {isa = PBXBuildFile; fileRef = R007 /* WebDAVAccount.swift */; };
		F008 /* WebDAVClient.swift in Sources */ = {isa = PBXBuildFile; fileRef = R008 /* WebDAVClient.swift */; };
		F009 /* WebDAVCredentialManager.swift in Sources */ = {isa = PBXBuildFile; fileRef = R009 /* WebDAVCredentialManager.swift */; };
		F010 /* EncodingDetector.swift in Sources */ = {isa = PBXBuildFile; fileRef = R010 /* EncodingDetector.swift */; };
		F011 /* TextDecoder.swift in Sources */ = {isa = PBXBuildFile; fileRef = R011 /* TextDecoder.swift */; };
		F012 /* ChapterDetector.swift in Sources */ = {isa = PBXBuildFile; fileRef = R012 /* ChapterDetector.swift */; };
		F013 /* PaginationEngine.swift in Sources */ = {isa = PBXBuildFile; fileRef = R013 /* PaginationEngine.swift */; };
		F014 /* StreamReader.swift in Sources */ = {isa = PBXBuildFile; fileRef = R014 /* StreamReader.swift */; };
		F015 /* TextParser.swift in Sources */ = {isa = PBXBuildFile; fileRef = R015 /* TextParser.swift */; };
		F016 /* DataManager.swift in Sources */ = {isa = PBXBuildFile; fileRef = R016 /* DataManager.swift */; };
		F017 /* ReaderViewModel.swift in Sources */ = {isa = PBXBuildFile; fileRef = R017 /* ReaderViewModel.swift */; };
		F018 /* SettingsViewModel.swift in Sources */ = {isa = PBXBuildFile; fileRef = R018 /* SettingsViewModel.swift */; };
		F019 /* WebDAVViewModel.swift in Sources */ = {isa = PBXBuildFile; fileRef = R019 /* WebDAVViewModel.swift */; };
		F020 /* ContentView.swift in Sources */ = {isa = PBXBuildFile; fileRef = R020 /* ContentView.swift */; };
		F021 /* LibraryView.swift in Sources */ = {isa = PBXBuildFile; fileRef = R021 /* LibraryView.swift */; };
		F022 /* WebDAVBrowserView.swift in Sources */ = {isa = PBXBuildFile; fileRef = R022 /* WebDAVBrowserView.swift */; };
		F023 /* PagedReaderView.swift in Sources */ = {isa = PBXBuildFile; fileRef = R023 /* PagedReaderView.swift */; };
		F024 /* ReaderView.swift in Sources */ = {isa = PBXBuildFile; fileRef = R024 /* ReaderView.swift */; };
		F025 /* ScrollReaderView.swift in Sources */ = {isa = PBXBuildFile; fileRef = R025 /* ScrollReaderView.swift */; };
		F026 /* SearchView.swift in Sources */ = {isa = PBXBuildFile; fileRef = R026 /* SearchView.swift */; };
		F027 /* TableOfContentsView.swift in Sources */ = {isa = PBXBuildFile; fileRef = R027 /* TableOfContentsView.swift */; };
		F028 /* EncodingPickerView.swift in Sources */ = {isa = PBXBuildFile; fileRef = R028 /* EncodingPickerView.swift */; };
		F029 /* SettingsView.swift in Sources */ = {isa = PBXBuildFile; fileRef = R029 /* SettingsView.swift */; };
		F030 /* ThemeSettingsView.swift in Sources */ = {isa = PBXBuildFile; fileRef = R030 /* ThemeSettingsView.swift */; };
		F031 /* AnnotationView.swift in Sources */ = {isa = PBXBuildFile; fileRef = R031 /* AnnotationView.swift */; };
		F032 /* BookmarkListView.swift in Sources */ = {isa = PBXBuildFile; fileRef = R032 /* BookmarkListView.swift */; };
		F033 /* AccessibilityHelpers.swift in Sources */ = {isa = PBXBuildFile; fileRef = R033 /* AccessibilityHelpers.swift */; };
		F034 /* KeyboardShortcuts.swift in Sources */ = {isa = PBXBuildFile; fileRef = R034 /* KeyboardShortcuts.swift */; };
		F999 /* Assets.xcassets in Resources */ = {isa = PBXBuildFile; fileRef = R999 /* Assets.xcassets */; };
/* End PBXBuildFile section */

/* Begin PBXFileReference section */
		APP /* TxtReader.app */ = {isa = PBXFileReference; explicitFileType = wrapper.application; includeInIndex = 0; path = TxtReader.app; sourceTree = BUILT_PRODUCTS_DIR; };
		R001 /* TxtReaderApp.swift */ = {isa = PBXFileReference; lastKnownFileType = sourcecode.swift; path = TxtReaderApp.swift; sourceTree = "<group>"; };
		R002 /* Book.swift */ = {isa = PBXFileReference; lastKnownFileType = sourcecode.swift; path = Models/Book.swift; sourceTree = "<group>"; };
		R003 /* Bookmark.swift */ = {isa = PBXFileReference; lastKnownFileType = sourcecode.swift; path = Models/Bookmark.swift; sourceTree = "<group>"; };
		R004 /* Chapter.swift */ = {isa = PBXFileReference; lastKnownFileType = sourcecode.swift; path = Models/Chapter.swift; sourceTree = "<group>"; };
		R005 /* ReadingProgress.swift */ = {isa = PBXFileReference; lastKnownFileType = sourcecode.swift; path = Models/ReadingProgress.swift; sourceTree = "<group>"; };
		R006 /* ReaderSettings.swift */ = {isa = PBXFileReference; lastKnownFileType = sourcecode.swift; path = Models/ReaderSettings.swift; sourceTree = "<group>"; };
		R007 /* WebDAVAccount.swift */ = {isa = PBXFileReference; lastKnownFileType = sourcecode.swift; path = Models/WebDAVAccount.swift; sourceTree = "<group>"; };
		R008 /* WebDAVClient.swift */ = {isa = PBXFileReference; lastKnownFileType = sourcecode.swift; path = Services/WebDAV/WebDAVClient.swift; sourceTree = "<group>"; };
		R009 /* WebDAVCredentialManager.swift */ = {isa = PBXFileReference; lastKnownFileType = sourcecode.swift; path = Services/WebDAV/WebDAVCredentialManager.swift; sourceTree = "<group>"; };
		R010 /* EncodingDetector.swift */ = {isa = PBXFileReference; lastKnownFileType = sourcecode.swift; path = Services/Encoding/EncodingDetector.swift; sourceTree = "<group>"; };
		R011 /* TextDecoder.swift */ = {isa = PBXFileReference; lastKnownFileType = sourcecode.swift; path = Services/Encoding/TextDecoder.swift; sourceTree = "<group>"; };
		R012 /* ChapterDetector.swift */ = {isa = PBXFileReference; lastKnownFileType = sourcecode.swift; path = Services/Reader/ChapterDetector.swift; sourceTree = "<group>"; };
		R013 /* PaginationEngine.swift */ = {isa = PBXFileReference; lastKnownFileType = sourcecode.swift; path = Services/Reader/PaginationEngine.swift; sourceTree = "<group>"; };
		R014 /* StreamReader.swift */ = {isa = PBXFileReference; lastKnownFileType = sourcecode.swift; path = Services/Reader/StreamReader.swift; sourceTree = "<group>"; };
		R015 /* TextParser.swift */ = {isa = PBXFileReference; lastKnownFileType = sourcecode.swift; path = Services/Reader/TextParser.swift; sourceTree = "<group>"; };
		R016 /* DataManager.swift */ = {isa = PBXFileReference; lastKnownFileType = sourcecode.swift; path = Services/Storage/DataManager.swift; sourceTree = "<group>"; };
		R017 /* ReaderViewModel.swift */ = {isa = PBXFileReference; lastKnownFileType = sourcecode.swift; path = ViewModels/ReaderViewModel.swift; sourceTree = "<group>"; };
		R018 /* SettingsViewModel.swift */ = {isa = PBXFileReference; lastKnownFileType = sourcecode.swift; path = ViewModels/SettingsViewModel.swift; sourceTree = "<group>"; };
		R019 /* WebDAVViewModel.swift */ = {isa = PBXFileReference; lastKnownFileType = sourcecode.swift; path = ViewModels/WebDAVViewModel.swift; sourceTree = "<group>"; };
		R020 /* ContentView.swift */ = {isa = PBXFileReference; lastKnownFileType = sourcecode.swift; path = Views/Main/ContentView.swift; sourceTree = "<group>"; };
		R021 /* LibraryView.swift */ = {isa = PBXFileReference; lastKnownFileType = sourcecode.swift; path = Views/Main/LibraryView.swift; sourceTree = "<group>"; };
		R022 /* WebDAVBrowserView.swift */ = {isa = PBXFileReference; lastKnownFileType = sourcecode.swift; path = Views/Main/WebDAVBrowserView.swift; sourceTree = "<group>"; };
		R023 /* PagedReaderView.swift */ = {isa = PBXFileReference; lastKnownFileType = sourcecode.swift; path = Views/Reader/PagedReaderView.swift; sourceTree = "<group>"; };
		R024 /* ReaderView.swift */ = {isa = PBXFileReference; lastKnownFileType = sourcecode.swift; path = Views/Reader/ReaderView.swift; sourceTree = "<group>"; };
		R025 /* ScrollReaderView.swift */ = {isa = PBXFileReference; lastKnownFileType = sourcecode.swift; path = Views/Reader/ScrollReaderView.swift; sourceTree = "<group>"; };
		R026 /* SearchView.swift */ = {isa = PBXFileReference; lastKnownFileType = sourcecode.swift; path = Views/Reader/SearchView.swift; sourceTree = "<group>"; };
		R027 /* TableOfContentsView.swift */ = {isa = PBXFileReference; lastKnownFileType = sourcecode.swift; path = Views/Reader/TableOfContentsView.swift; sourceTree = "<group>"; };
		R028 /* EncodingPickerView.swift */ = {isa = PBXFileReference; lastKnownFileType = sourcecode.swift; path = Views/Settings/EncodingPickerView.swift; sourceTree = "<group>"; };
		R029 /* SettingsView.swift */ = {isa = PBXFileReference; lastKnownFileType = sourcecode.swift; path = Views/Settings/SettingsView.swift; sourceTree = "<group>"; };
		R030 /* ThemeSettingsView.swift */ = {isa = PBXFileReference; lastKnownFileType = sourcecode.swift; path = Views/Settings/ThemeSettingsView.swift; sourceTree = "<group>"; };
		R031 /* AnnotationView.swift */ = {isa = PBXFileReference; lastKnownFileType = sourcecode.swift; path = Views/Components/AnnotationView.swift; sourceTree = "<group>"; };
		R032 /* BookmarkListView.swift */ = {isa = PBXFileReference; lastKnownFileType = sourcecode.swift; path = Views/Components/BookmarkListView.swift; sourceTree = "<group>"; };
		R033 /* AccessibilityHelpers.swift */ = {isa = PBXFileReference; lastKnownFileType = sourcecode.swift; path = Utilities/AccessibilityHelpers.swift; sourceTree = "<group>"; };
		R034 /* KeyboardShortcuts.swift */ = {isa = PBXFileReference; lastKnownFileType = sourcecode.swift; path = Utilities/KeyboardShortcuts.swift; sourceTree = "<group>"; };
		R999 /* Assets.xcassets */ = {isa = PBXFileReference; lastKnownFileType = folder.assetcatalog; path = Assets.xcassets; sourceTree = "<group>"; };
		INFO /* Info.plist */ = {isa = PBXFileReference; lastKnownFileType = text.plist.xml; path = Info.plist; sourceTree = "<group>"; };
/* End PBXFileReference section */

/* Begin PBXFrameworksBuildPhase section */
		FRAMEWORKS = {
			isa = PBXFrameworksBuildPhase;
			buildActionMask = 2147483647;
			files = (
			);
			runOnlyForDeploymentPostprocessing = 0;
		};
/* End PBXFrameworksBuildPhase section */

/* Begin PBXGroup section */
		MAINGROUP = {
			isa = PBXGroup;
			children = (
				TXTREADER,
				PRODUCTS,
			);
			sourceTree = "<group>";
		};
		PRODUCTS = {
			isa = PBXGroup;
			children = (
				APP,
			);
			name = Products;
			sourceTree = "<group>";
		};
		TXTREADER = {
			isa = PBXGroup;
			children = (
				R001,
				R002,
				R003,
				R004,
				R005,
				R006,
				R007,
				R008,
				R009,
				R010,
				R011,
				R012,
				R013,
				R014,
				R015,
				R016,
				R017,
				R018,
				R019,
				R020,
				R021,
				R022,
				R023,
				R024,
				R025,
				R026,
				R027,
				R028,
				R029,
				R030,
				R031,
				R032,
				R033,
				R034,
				R999,
				INFO,
			);
			path = TxtReader;
			sourceTree = "<group>";
		};
/* End PBXGroup section */

/* Begin PBXNativeTarget section */
		TARGET = {
			isa = PBXNativeTarget;
			buildConfigurationList = TARGETCONFIG;
			buildPhases = (
				SOURCES,
				FRAMEWORKS,
				RESOURCES,
			);
			buildRules = (
			);
			dependencies = (
			);
			name = TxtReader;
			productName = TxtReader;
			productReference = APP;
			productType = "com.apple.product-type.application";
		};
/* End PBXNativeTarget section */

/* Begin PBXProject section */
		PROJECT = {
			isa = PBXProject;
			attributes = {
				BuildIndependentTargetsInParallel = 1;
				LastSwiftUpdateCheck = 1540;
				LastUpgradeCheck = 1540;
			};
			buildConfigurationList = PROJECTCONFIG;
			compatibilityVersion = "Xcode 14.0";
			developmentRegion = en;
			hasScannedForEncodings = 0;
			knownRegions = (
				en,
				Base,
			);
			mainGroup = MAINGROUP;
			productRefGroup = PRODUCTS;
			projectDirPath = "";
			projectRoot = "";
			targets = (
				TARGET,
			);
		};
/* End PBXProject section */

/* Begin PBXResourcesBuildPhase section */
		RESOURCES = {
			isa = PBXResourcesBuildPhase;
			buildActionMask = 2147483647;
			files = (
				F999,
			);
			runOnlyForDeploymentPostprocessing = 0;
		};
/* End PBXResourcesBuildPhase section */

/* Begin PBXSourcesBuildPhase section */
		SOURCES = {
			isa = PBXSourcesBuildPhase;
			buildActionMask = 2147483647;
			files = (
				F001,
				F002,
				F003,
				F004,
				F005,
				F006,
				F007,
				F008,
				F009,
				F010,
				F011,
				F012,
				F013,
				F014,
				F015,
				F016,
				F017,
				F018,
				F019,
				F020,
				F021,
				F022,
				F023,
				F024,
				F025,
				F026,
				F027,
				F028,
				F029,
				F030,
				F031,
				F032,
				F033,
				F034,
			);
			runOnlyForDeploymentPostprocessing = 0;
		};
/* End PBXSourcesBuildPhase section */

/* Begin XCBuildConfiguration section */
		DEBUGPROJECT = {
			isa = XCBuildConfiguration;
			buildSettings = {
				ALWAYS_SEARCH_USER_PATHS = NO;
				CLANG_ANALYZER_NONNULL = YES;
				CLANG_ANALYZER_NUMBER_OBJECT_CONVERSION = YES_AGGRESSIVE;
				CLANG_CXX_LANGUAGE_STANDARD = "gnu++20";
				CLANG_ENABLE_MODULES = YES;
				CLANG_ENABLE_OBJC_ARC = YES;
				CLANG_ENABLE_OBJC_WEAK = YES;
				CLANG_WARN_BLOCK_CAPTURE_AUTORELEASING = YES;
				CLANG_WARN_BOOL_CONVERSION = YES;
				CLANG_WARN_COMMA = YES;
				CLANG_WARN_CONSTANT_CONVERSION = YES;
				CLANG_WARN_DEPRECATED_OBJC_IMPLEMENTATIONS = YES;
				CLANG_WARN_DIRECT_OBJC_ISA_USAGE = YES_ERROR;
				CLANG_WARN_DOCUMENTATION_COMMENTS = YES;
				CLANG_WARN_EMPTY_BODY = YES;
				CLANG_WARN_ENUM_CONVERSION = YES;
				CLANG_WARN_INFINITE_RECURSION = YES;
				CLANG_WARN_INT_CONVERSION = YES;
				CLANG_WARN_NON_LITERAL_NULL_CONVERSION = YES;
				CLANG_WARN_OBJC_IMPLICIT_RETAIN_SELF = YES;
				CLANG_WARN_OBJC_LITERAL_CONVERSION = YES;
				CLANG_WARN_OBJC_ROOT_CLASS = YES_ERROR;
				CLANG_WARN_QUOTED_INCLUDE_IN_FRAMEWORK_HEADER = YES;
				CLANG_WARN_RANGE_LOOP_ANALYSIS = YES;
				CLANG_WARN_STRICT_PROTOTYPES = YES;
				CLANG_WARN_SUSPICIOUS_MOVE = YES;
				CLANG_WARN_UNGUARDED_AVAILABILITY = YES_AGGRESSIVE;
				CLANG_WARN_UNREACHABLE_CODE = YES;
				CLANG_WARN__DUPLICATE_METHOD_MATCH = YES;
				COPY_PHASE_STRIP = NO;
				DEBUG_INFORMATION_FORMAT = dwarf;
				ENABLE_STRICT_OBJC_MSGSEND = YES;
				ENABLE_TESTABILITY = YES;
				GCC_C_LANGUAGE_STANDARD = gnu17;
				GCC_DYNAMIC_NO_PIC = NO;
				GCC_NO_COMMON_BLOCKS = YES;
				GCC_OPTIMIZATION_LEVEL = 0;
				GCC_PREPROCESSOR_DEFINITIONS = (
					"DEBUG=1",
					"$$(inherited)",
				);
				GCC_WARN_64_TO_32_BIT_CONVERSION = YES;
				GCC_WARN_ABOUT_RETURN_TYPE = YES_ERROR;
				GCC_WARN_UNDECLARED_SELECTOR = YES;
				GCC_WARN_UNINITIALIZED_AUTOS = YES_AGGRESSIVE;
				GCC_WARN_UNUSED_FUNCTION = YES;
				GCC_WARN_UNUSED_VARIABLE = YES;
				IPHONEOS_DEPLOYMENT_TARGET = 17.0;
				LOCALIZATION_PREFERS_STRING_CATALOGS = YES;
				MTL_ENABLE_DEBUG_INFO = INCLUDE_SOURCE;
				MTL_FAST_MATH = YES;
				ONLY_ACTIVE_ARCH = YES;
				SDKROOT = iphoneos;
				SWIFT_ACTIVE_COMPILATION_CONDITIONS = "DEBUG $$(inherited)";
				SWIFT_OPTIMIZATION_LEVEL = "-Onone";
			};
			name = Debug;
		};
		RELEASEPROJECT = {
			isa = XCBuildConfiguration;
			buildSettings = {
				ALWAYS_SEARCH_USER_PATHS = NO;
				CLANG_ANALYZER_NONNULL = YES;
				CLANG_ANALYZER_NUMBER_OBJECT_CONVERSION = YES_AGGRESSIVE;
				CLANG_CXX_LANGUAGE_STANDARD = "gnu++20";
				CLANG_ENABLE_MODULES = YES;
				CLANG_ENABLE_OBJC_ARC = YES;
				CLANG_ENABLE_OBJC_WEAK = YES;
				CLANG_WARN_BLOCK_CAPTURE_AUTORELEASING = YES;
				CLANG_WARN_BOOL_CONVERSION = YES;
				CLANG_WARN_COMMA = YES;
				CLANG_WARN_CONSTANT_CONVERSION = YES;
				CLANG_WARN_DEPRECATED_OBJC_IMPLEMENTATIONS = YES;
				CLANG_WARN_DIRECT_OBJC_ISA_USAGE = YES_ERROR;
				CLANG_WARN_DOCUMENTATION_COMMENTS = YES;
				CLANG_WARN_EMPTY_BODY = YES;
				CLANG_WARN_ENUM_CONVERSION = YES;
				CLANG_WARN_INFINITE_RECURSION = YES;
				CLANG_WARN_INT_CONVERSION = YES;
				CLANG_WARN_NON_LITERAL_NULL_CONVERSION = YES;
				CLANG_WARN_OBJC_IMPLICIT_RETAIN_SELF = YES;
				CLANG_WARN_OBJC_LITERAL_CONVERSION = YES;
				CLANG_WARN_OBJC_ROOT_CLASS = YES_ERROR;
				CLANG_WARN_QUOTED_INCLUDE_IN_FRAMEWORK_HEADER = YES;
				CLANG_WARN_RANGE_LOOP_ANALYSIS = YES;
				CLANG_WARN_STRICT_PROTOTYPES = YES;
				CLANG_WARN_SUSPICIOUS_MOVE = YES;
				CLANG_WARN_UNGUARDED_AVAILABILITY = YES_AGGRESSIVE;
				CLANG_WARN_UNREACHABLE_CODE = YES;
				CLANG_WARN__DUPLICATE_METHOD_MATCH = YES;
				COPY_PHASE_STRIP = NO;
				DEBUG_INFORMATION_FORMAT = "dwarf-with-dsym";
				ENABLE_NS_ASSERTIONS = NO;
				ENABLE_STRICT_OBJC_MSGSEND = YES;
				GCC_C_LANGUAGE_STANDARD = gnu17;
				GCC_NO_COMMON_BLOCKS = YES;
				GCC_WARN_64_TO_32_BIT_CONVERSION = YES;
				GCC_WARN_ABOUT_RETURN_TYPE = YES_ERROR;
				GCC_WARN_UNDECLARED_SELECTOR = YES;
				GCC_WARN_UNINITIALIZED_AUTOS = YES_AGGRESSIVE;
				GCC_WARN_UNUSED_FUNCTION = YES;
				GCC_WARN_UNUSED_VARIABLE = YES;
				IPHONEOS_DEPLOYMENT_TARGET = 17.0;
				LOCALIZATION_PREFERS_STRING_CATALOGS = YES;
				MTL_ENABLE_DEBUG_INFO = NO;
				MTL_FAST_MATH = YES;
				SDKROOT = iphoneos;
				SWIFT_COMPILATION_MODE = wholemodule;
				VALIDATE_PRODUCT = YES;
			};
			name = Release;
		};
		DEBUGTARGET = {
			isa = XCBuildConfiguration;
			buildSettings = {
				ASSETCATALOG_COMPILER_APPICON_NAME = AppIcon;
				ASSETCATALOG_COMPILER_GLOBAL_ACCENT_COLOR_NAME = AccentColor;
				CODE_SIGN_IDENTITY = "-";
				CODE_SIGN_STYLE = Automatic;
				CURRENT_PROJECT_VERSION = 1;
				DEVELOPMENT_TEAM = "";
				ENABLE_PREVIEWS = YES;
				GENERATE_INFOPLIST_FILE = NO;
				INFOPLIST_FILE = TxtReader/Info.plist;
				INFOPLIST_KEY_UIApplicationSceneManifest_Generation = YES;
				INFOPLIST_KEY_UIApplicationSupportsIndirectInputEvents = YES;
				INFOPLIST_KEY_UILaunchScreen_Generation = YES;
				INFOPLIST_KEY_UISupportedInterfaceOrientations = "UIInterfaceOrientationPortrait UIInterfaceOrientationLandscapeLeft UIInterfaceOrientationLandscapeRight";
				INFOPLIST_KEY_UISupportedInterfaceOrientations_iPad = "UIInterfaceOrientationPortrait UIInterfaceOrientationPortraitUpsideDown UIInterfaceOrientationLandscapeLeft UIInterfaceOrientationLandscapeRight";
				LD_RUNPATH_SEARCH_PATHS = (
					"$$(inherited)",
					"@executable_path/Frameworks",
				);
				MARKETING_VERSION = 1.0;
				PRODUCT_BUNDLE_IDENTIFIER = com.txtreader.app;
				PRODUCT_NAME = "$$(TARGET_NAME)";
				SUPPORTED_PLATFORMS = "iphoneos iphonesimulator";
				SUPPORTS_MACCATALYST = NO;
				SWIFT_EMIT_LOC_STRINGS = YES;
				SWIFT_VERSION = 5.0;
				TARGETED_DEVICE_FAMILY = "1,2";
			};
			name = Debug;
		};
		RELEASETARGET = {
			isa = XCBuildConfiguration;
			buildSettings = {
				ASSETCATALOG_COMPILER_APPICON_NAME = AppIcon;
				ASSETCATALOG_COMPILER_GLOBAL_ACCENT_COLOR_NAME = AccentColor;
				CODE_SIGN_IDENTITY = "-";
				CODE_SIGN_STYLE = Automatic;
				CURRENT_PROJECT_VERSION = 1;
				DEVELOPMENT_TEAM = "";
				ENABLE_PREVIEWS = YES;
				GENERATE_INFOPLIST_FILE = NO;
				INFOPLIST_FILE = TxtReader/Info.plist;
				INFOPLIST_KEY_UIApplicationSceneManifest_Generation = YES;
				INFOPLIST_KEY_UIApplicationSupportsIndirectInputEvents = YES;
				INFOPLIST_KEY_UILaunchScreen_Generation = YES;
				INFOPLIST_KEY_UISupportedInterfaceOrientations = "UIInterfaceOrientationPortrait UIInterfaceOrientationLandscapeLeft UIInterfaceOrientationLandscapeRight";
				INFOPLIST_KEY_UISupportedInterfaceOrientations_iPad = "UIInterfaceOrientationPortrait UIInterfaceOrientationPortraitUpsideDown UIInterfaceOrientationLandscapeLeft UIInterfaceOrientationLandscapeRight";
				LD_RUNPATH_SEARCH_PATHS = (
					"$$(inherited)",
					"@executable_path/Frameworks",
				);
				MARKETING_VERSION = 1.0;
				PRODUCT_BUNDLE_IDENTIFIER = com.txtreader.app;
				PRODUCT_NAME = "$$(TARGET_NAME)";
				SUPPORTED_PLATFORMS = "iphoneos iphonesimulator";
				SUPPORTS_MACCATALYST = NO;
				SWIFT_EMIT_LOC_STRINGS = YES;
				SWIFT_VERSION = 5.0;
				TARGETED_DEVICE_FAMILY = "1,2";
			};
			name = Release;
		};
/* End XCBuildConfiguration section */

/* Begin XCConfigurationList section */
		PROJECTCONFIG = {
			isa = XCConfigurationList;
			buildConfigurations = (
				DEBUGPROJECT,
				RELEASEPROJECT,
			);
			defaultConfigurationIsVisible = 0;
			defaultConfigurationName = Release;
		};
		TARGETCONFIG = {
			isa = XCConfigurationList;
			buildConfigurations = (
				DEBUGTARGET,
				RELEASETARGET,
			);
			defaultConfigurationIsVisible = 0;
			defaultConfigurationName = Release;
		};
/* End XCConfigurationList section */
	};
	rootObject = PROJECT;
}
